{
  "pins" : [
    {
      "identity" : "bond",
      "kind" : "remoteSourceControl",
      "location" : "https://github.com/DeclarativeHub/Bond",
      "state" : {
        "revision" : "146943c0bc03a93c48fb6c57db4e39f4b38ba74b",
        "version" : "7.8.1"
      }
    },
    {
      "identity" : "differ",
      "kind" : "remoteSourceControl",
      "location" : "https://github.com/tonyarnold/Differ.git",
      "state" : {
        "revision" : "5520fda947f1f9777a806389c2ba587219bc0538",
        "version" : "1.4.6"
      }
    },
    {
      "identity" : "geometric",
      "kind" : "remoteSourceControl",
      "location" : "https://github.com/Fleuronic/Geometric",
      "state" : {
        "branch" : "main",
        "revision" : "d17a0ffe366f3d291e3de75f7e78b1266fa29b28"
      }
    },
    {
      "identity" : "layoutless",
      "kind" : "remoteSourceControl",
      "location" : "https://github.com/DeclarativeHub/Layoutless",
      "state" : {
        "revision" : "50ae5ab4cb9bf676c1901f4ba0f267f27e68d0a7",
        "version" : "0.4.3"
      }
    },
    {
      "identity" : "metric",
      "kind" : "remoteSourceControl",
      "location" : "https://github.com/Fleuronic/Metric.git",
      "state" : {
        "branch" : "main",
        "revision" : "bf20aec16b411435049a0763c247d5e7030b56c8"
      }
    },
    {
      "identity" : "reactivekit",
      "kind" : "remoteSourceControl",
      "location" : "https://github.com/DeclarativeHub/ReactiveKit.git",
      "state" : {
        "revision" : "dfb63f820aa54946c4cbcbe1b6024863a143d3a2",
        "version" : "3.19.1"
      }
    },
    {
      "identity" : "reactiveswift",
      "kind" : "remoteSourceControl",
      "location" : "https://github.com/ReactiveCocoa/ReactiveSwift",
      "state" : {
        "revision" : "c43bae3dac73fdd3cb906bd5a1914686ca71ed3c",
        "version" : "6.7.0"
      }
    },
    {
      "identity" : "telemetric",
      "kind" : "remoteSourceControl",
      "location" : "https://github.com/Fleuronic/Telemetric",
      "state" : {
        "branch" : "main",
        "revision" : "27fdb182072beb5692e978c7027b943f1c05b664"
      }
    },
    {
      "identity" : "workflow-swift",
      "kind" : "remoteSourceControl",
      "location" : "https://github.com/square/workflow-swift",
      "state" : {
        "revision" : "1a94348132146c90d60f06748b52f64fb9e10177",
        "version" : "1.0.5"
      }
    }
  ],
  "version" : 2
}
